
Microsoft Visual Studio Solution File, Format Version 12.00
# Visual Studio 15
Project("{FAE04EC0-301F-11D3-BF4B-00C04F79EFBC}") = "Assembly-CSharp", "Assembly-CSharp.csproj", "{D9B55A3F-3504-968C-7E02-ADE55C52DA17}"
EndProject
Project("{FAE04EC0-301F-11D3-BF4B-00C04F79EFBC}") = "Assembly-CSharp-Editor", "Assembly-CSharp-Editor.csproj", "{363F0F40-647D-370C-CAC7-3C1927919CD7}"
EndProject
Global
	GlobalSection(SolutionConfigurationPlatforms) = preSolution
		Debug|Any CPU = Debug|Any CPU
		Release|Any CPU = Release|Any CPU
	EndGlobalSection
	GlobalSection(ProjectConfigurationPlatforms) = postSolution
		{D9B55A3F-3504-968C-7E02-ADE55C52DA17}.Debug|Any CPU.ActiveCfg = Debug|Any CPU
		{D9B55A3F-3504-968C-7E02-ADE55C52DA17}.Debug|Any CPU.Build.0 = Debug|Any CPU
		{D9B55A3F-3504-968C-7E02-ADE55C52DA17}.Release|Any CPU.ActiveCfg = Release|Any CPU
		{D9B55A3F-3504-968C-7E02-ADE55C52DA17}.Release|Any CPU.Build.0 = Release|Any CPU
		{363F0F40-647D-370C-CAC7-3C1927919CD7}.Debug|Any CPU.ActiveCfg = Debug|Any CPU
		{363F0F40-647D-370C-CAC7-3C1927919CD7}.Debug|Any CPU.Build.0 = Debug|Any CPU
		{363F0F40-647D-370C-CAC7-3C1927919CD7}.Release|Any CPU.ActiveCfg = Release|Any CPU
		{363F0F40-647D-370C-CAC7-3C1927919CD7}.Release|Any CPU.Build.0 = Release|Any CPU
	EndGlobalSection
	GlobalSection(SolutionProperties) = preSolution
		HideSolutionNode = FALSE
	EndGlobalSection
EndGlobal
